
Microsoft Visual Studio Solution File, Format Version 12.00
# Visual Studio 15
VisualStudioVersion = 15.0.28010.2048
MinimumVisualStudioVersion = 10.0.40219.1
Project("{FAE04EC0-301F-11D3-BF4B-00C04F79EFBC}") = "Track7", "Track7.csproj", "{0C19FB17-A76F-4C8C-994E-CD1558839231}"
EndProject
Global
	GlobalSection(SolutionConfigurationPlatforms) = preSolution
		Debug|Any CPU = Debug|Any CPU
		Release|Any CPU = Release|Any CPU
	EndGlobalSection
	GlobalSection(ProjectConfigurationPlatforms) = postSolution
		{0C19FB17-A76F-4C8C-994E-CD1558839231}.Debug|Any CPU.ActiveCfg = Debug|Any CPU
		{0C19FB17-A76F-4C8C-994E-CD1558839231}.Debug|Any CPU.Build.0 = Debug|Any CPU
		{0C19FB17-A76F-4C8C-994E-CD1558839231}.Release|Any CPU.ActiveCfg = Release|Any CPU
		{0C19FB17-A76F-4C8C-994E-CD1558839231}.Release|Any CPU.Build.0 = Release|Any CPU
	EndGlobalSection
	GlobalSection(SolutionProperties) = preSolution
		HideSolutionNode = FALSE
	EndGlobalSection
	GlobalSection(ExtensibilityGlobals) = postSolution
		SolutionGuid = {B5B82463-425F-44E0-9CEC-C83B2E2B4D09}
	EndGlobalSection
EndGlobal
